// !$*UTF8*$!
{
	archiveVersion = 1;
	classes = {
	};
	objectVersion = 50;
	objects = {

/* Begin PBXBuildFile section */
		0D200D9C2180AF3A000BDA5B /* AppDelegate.swift in Sources */ = {isa = PBXBuildFile; fileRef = 0D200D9B2180AF3A000BDA5B /* AppDelegate.swift */; };
		0D200D9E2180AF3A000BDA5B /* ViewController.swift in Sources */ = {isa = PBXBuildFile; fileRef = 0D200D9D2180AF3A000BDA5B /* ViewController.swift */; };
		0D200DA12180AF3A000BDA5B /* Main.storyboard in Resources */ = {isa = PBXBuildFile; fileRef = 0D200D9F2180AF3A000BDA5B /* Main.storyboard */; };
		0D200DA32180AF3B000BDA5B /* Assets.xcassets in Resources */ = {isa = PBXBuildFile; fileRef = 0D200DA22180AF3B000BDA5B /* Assets.xcassets */; };
		0D200DA62180AF3B000BDA5B /* LaunchScreen.storyboard in Resources */ = {isa = PBXBuildFile; fileRef = 0D200DA42180AF3B000BDA5B /* LaunchScreen.storyboard */; };
		0D200DAE2180E868000BDA5B /* User.swift in Sources */ = {isa = PBXBuildFile; fileRef = 0D200DAD2180E868000BDA5B /* User.swift */; };
		0D200DB42180FA63000BDA5B /* SecondViewController.swift in Sources */ = {isa = PBXBuildFile; fileRef = 0D200DB32180FA63000BDA5B /* SecondViewController.swift */; };
		0D38507C2181365E00831B74 /* EditNameViewController.swift in Sources */ = {isa = PBXBuildFile; fileRef = 0D38507B2181365E00831B74 /* EditNameViewController.swift */; };
		0D6A01DD218231870081AAA6 /* EditEmailViewController.swift in Sources */ = {isa = PBXBuildFile; fileRef = 0D6A01DC218231870081AAA6 /* EditEmailViewController.swift */; };
		0D6A01DF2182340D0081AAA6 /* EditPasswordViewController.swift in Sources */ = {isa = PBXBuildFile; fileRef = 0D6A01DE2182340D0081AAA6 /* EditPasswordViewController.swift */; };
		0D6A01E1218237BF0081AAA6 /* EditDepartmentViewController.swift in Sources */ = {isa = PBXBuildFile; fileRef = 0D6A01E0218237BF0081AAA6 /* EditDepartmentViewController.swift */; };
/* End PBXBuildFile section */

/* Begin PBXFileReference section */
		0D200D982180AF3A000BDA5B /* InClass02.app */ = {isa = PBXFileReference; explicitFileType = wrapper.application; includeInIndex = 0; path = InClass02.app; sourceTree = BUILT_PRODUCTS_DIR; };
		0D200D9B2180AF3A000BDA5B /* AppDelegate.swift */ = {isa = PBXFileReference; lastKnownFileType = sourcecode.swift; path = AppDelegate.swift; sourceTree = "<group>"; };
		0D200D9D2180AF3A000BDA5B /* ViewController.swift */ = {isa = PBXFileReference; lastKnownFileType = sourcecode.swift; path = ViewController.swift; sourceTree = "<group>"; };
		0D200DA02180AF3A000BDA5B /* Base */ = {isa = PBXFileReference; lastKnownFileType = file.storyboard; name = Base; path = Base.lproj/Main.storyboard; sourceTree = "<group>"; };
		0D200DA22180AF3B000BDA5B /* Assets.xcassets */ = {isa = PBXFileReference; lastKnownFileType = folder.assetcatalog; path = Assets.xcassets; sourceTree = "<group>"; };
		0D200DA52180AF3B000BDA5B /* Base */ = {isa = PBXFileReference; lastKnownFileType = file.storyboard; name = Base; path = Base.lproj/LaunchScreen.storyboard; sourceTree = "<group>"; };
		0D200DA72180AF3C000BDA5B /* Info.plist */ = {isa = PBXFileReference; lastKnownFileType = text.plist.xml; path = Info.plist; sourceTree = "<group>"; };
		0D200DAD2180E868000BDA5B /* User.swift */ = {isa = PBXFileReference; lastKnownFileType = sourcecode.swift; path = User.swift; sourceTree = "<group>"; };
		0D200DB32180FA63000BDA5B /* SecondViewController.swift */ = {isa = PBXFileReference; lastKnownFileType = sourcecode.swift; path = SecondViewController.swift; sourceTree = "<group>"; };
		0D38507B2181365E00831B74 /* EditNameViewController.swift */ = {isa = PBXFileReference; lastKnownFileType = sourcecode.swift; path = EditNameViewController.swift; sourceTree = "<group>"; };
		0D6A01DC218231870081AAA6 /* EditEmailViewController.swift */ = {isa = PBXFileReference; lastKnownFileType = sourcecode.swift; path = EditEmailViewController.swift; sourceTree = "<group>"; };
		0D6A01DE2182340D0081AAA6 /* EditPasswordViewController.swift */ = {isa = PBXFileReference; lastKnownFileType = sourcecode.swift; path = EditPasswordViewController.swift; sourceTree = "<group>"; };
		0D6A01E0218237BF0081AAA6 /* EditDepartmentViewController.swift */ = {isa = PBXFileReference; lastKnownFileType = sourcecode.swift; path = EditDepartmentViewController.swift; sourceTree = "<group>"; };
/* End PBXFileReference section */

/* Begin PBXFrameworksBuildPhase section */
		0D200D952180AF3A000BDA5B /* Frameworks */ = {
			isa = PBXFrameworksBuildPhase;
			buildActionMask = 2147483647;
			files = (
			);
			runOnlyForDeploymentPostprocessing = 0;
		};
/* End PBXFrameworksBuildPhase section */

/* Begin PBXGroup section */
		0D200D8F2180AF3A000BDA5B = {
			isa = PBXGroup;
			children = (
				0D200D9A2180AF3A000BDA5B /* InClass02 */,
				0D200D992180AF3A000BDA5B /* Products */,
			);
			sourceTree = "<group>";
		};
		0D200D992180AF3A000BDA5B /* Products */ = {
			isa = PBXGroup;
			children = (
				0D200D982180AF3A000BDA5B /* InClass02.app */,
			);
			name = Products;
			sourceTree = "<group>";
		};
		0D200D9A2180AF3A000BDA5B /* InClass02 */ = {
			isa = PBXGroup;
			children = (
				0D200D9B2180AF3A000BDA5B /* AppDelegate.swift */,
				0D200D9D2180AF3A000BDA5B /* ViewController.swift */,
				0D200D9F2180AF3A000BDA5B /* Main.storyboard */,
				0D6A01DC218231870081AAA6 /* EditEmailViewController.swift */,
				0D6A01DE2182340D0081AAA6 /* EditPasswordViewController.swift */,
				0D6A01E0218237BF0081AAA6 /* EditDepartmentViewController.swift */,
				0D200DA22180AF3B000BDA5B /* Assets.xcassets */,
				0D200DA42180AF3B000BDA5B /* LaunchScreen.storyboard */,
				0D200DA72180AF3C000BDA5B /* Info.plist */,
				0D200DAD2180E868000BDA5B /* User.swift */,
				0D200DB32180FA63000BDA5B /* SecondViewController.swift */,
				0D38507B2181365E00831B74 /* EditNameViewController.swift */,
			);
			path = InClass02;
			sourceTree = "<group>";
		};
/* End PBXGroup section */

/* Begin PBXNativeTarget section */
		0D200D972180AF3A000BDA5B /* InClass02 */ = {
			isa = PBXNativeTarget;
			buildConfigurationList = 0D200DAA2180AF3C000BDA5B /* Build configuration list for PBXNativeTarget "InClass02" */;
			buildPhases = (
				0D200D942180AF3A000BDA5B /* Sources */,
				0D200D952180AF3A000BDA5B /* Frameworks */,
				0D200D962180AF3A000BDA5B /* Resources */,
			);
			buildRules = (
			);
			dependencies = (
			);
			name = InClass02;
			productName = InClass02;
			productReference = 0D200D982180AF3A000BDA5B /* InClass02.app */;
			productType = "com.apple.product-type.application";
		};
/* End PBXNativeTarget section */

/* Begin PBXProject section */
		0D200D902180AF3A000BDA5B /* Project object */ = {
			isa = PBXProject;
			attributes = {
				LastSwiftUpdateCheck = 1000;
				LastUpgradeCheck = 1000;
				ORGANIZATIONNAME = "Prerana Singh";
				TargetAttributes = {
					0D200D972180AF3A000BDA5B = {
						CreatedOnToolsVersion = 10.0;
					};
				};
			};
			buildConfigurationList = 0D200D932180AF3A000BDA5B /* Build configuration list for PBXProject "InClass02" */;
			compatibilityVersion = "Xcode 9.3";
			developmentRegion = en;
			hasScannedForEncodings = 0;
			knownRegions = (
				en,
				Base,
			);
			mainGroup = 0D200D8F2180AF3A000BDA5B;
			productRefGroup = 0D200D992180AF3A000BDA5B /* Products */;
			projectDirPath = "";
			projectRoot = "";
			targets = (
				0D200D972180AF3A000BDA5B /* InClass02 */,
			);
		};
/* End PBXProject section */

/* Begin PBXResourcesBuildPhase section */
		0D200D962180AF3A000BDA5B /* Resources */ = {
			isa = PBXResourcesBuildPhase;
			buildActionMask = 2147483647;
			files = (
				0D200DA62180AF3B000BDA5B /* LaunchScreen.storyboard in Resources */,
				0D200DA32180AF3B000BDA5B /* Assets.xcassets in Resources */,
				0D200DA12180AF3A000BDA5B /* Main.storyboard in Resources */,
			);
			runOnlyForDeploymentPostprocessing = 0;
		};
/* End PBXResourcesBuildPhase section */

/* Begin PBXSourcesBuildPhase section */
		0D200D942180AF3A000BDA5B /* Sources */ = {
			isa = PBXSourcesBuildPhase;
			buildActionMask = 2147483647;
			files = (
				0D6A01DF2182340D0081AAA6 /* EditPasswordViewController.swift in Sources */,
				0D200DB42180FA63000BDA5B /* SecondViewController.swift in Sources */,
				0D200D9E2180AF3A000BDA5B /* ViewController.swift in Sources */,
				0D200D9C2180AF3A000BDA5B /* AppDelegate.swift in Sources */,
				0D200DAE2180E868000BDA5B /* User.swift in Sources */,
				0D38507C2181365E00831B74 /* EditNameViewController.swift in Sources */,
				0D6A01E1218237BF0081AAA6 /* EditDepartmentViewController.swift in Sources */,
				0D6A01DD218231870081AAA6 /* EditEmailViewController.swift in Sources */,
			);
			runOnlyForDeploymentPostprocessing = 0;
		};
/* End PBXSourcesBuildPhase section */

/* Begin PBXVariantGroup section */
		0D200D9F2180AF3A000BDA5B /* Main.storyboard */ = {
			isa = PBXVariantGroup;
			children = (
				0D200DA02180AF3A000BDA5B /* Base */,
			);
			name = Main.storyboard;
			sourceTree = "<group>";
		};
		0D200DA42180AF3B000BDA5B /* LaunchScreen.storyboard */ = {
			isa = PBXVariantGroup;
			children = (
				0D200DA52180AF3B000BDA5B /* Base */,
			);
			name = LaunchScreen.storyboard;
			sourceTree = "<group>";
		};
/* End PBXVariantGroup section */

/* Begin XCBuildConfiguration section */
		0D200DA82180AF3C000BDA5B /* Debug */ = {
			isa = XCBuildConfiguration;
			buildSettings = {
				ALWAYS_SEARCH_USER_PATHS = NO;
				CLANG_ANALYZER_NONNULL = YES;
				CLANG_ANALYZER_NUMBER_OBJECT_CONVERSION = YES_AGGRESSIVE;
				CLANG_CXX_LANGUAGE_STANDARD = "gnu++14";
				CLANG_CXX_LIBRARY = "libc++";
				CLANG_ENABLE_MODULES = YES;
				CLANG_ENABLE_OBJC_ARC = YES;
				CLANG_ENABLE_OBJC_WEAK = YES;
				CLANG_WARN_BLOCK_CAPTURE_AUTORELEASING = YES;
				CLANG_WARN_BOOL_CONVERSION = YES;
				CLANG_WARN_COMMA = YES;
				CLANG_WARN_CONSTANT_CONVERSION = YES;
				CLANG_WARN_DEPRECATED_OBJC_IMPLEMENTATIONS = YES;
				CLANG_WARN_DIRECT_OBJC_ISA_USAGE = YES_ERROR;
				CLANG_WARN_DOCUMENTATION_COMMENTS = YES;
				CLANG_WARN_EMPTY_BODY = YES;
				CLANG_WARN_ENUM_CONVERSION = YES;
				CLANG_WARN_INFINITE_RECURSION = YES;
				CLANG_WARN_INT_CONVERSION = YES;
				CLANG_WARN_NON_LITERAL_NULL_CONVERSION = YES;
				CLANG_WARN_OBJC_IMPLICIT_RETAIN_SELF = YES;
				CLANG_WARN_OBJC_LITERAL_CONVERSION = YES;
				CLANG_WARN_OBJC_ROOT_CLASS = YES_ERROR;
				CLANG_WARN_RANGE_LOOP_ANALYSIS = YES;
				CLANG_WARN_STRICT_PROTOTYPES = YES;
				CLANG_WARN_SUSPICIOUS_MOVE = YES;
				CLANG_WARN_UNGUARDED_AVAILABILITY = YES_AGGRESSIVE;
				CLANG_WARN_UNREACHABLE_CODE = YES;
				CLANG_WARN__DUPLICATE_METHOD_MATCH = YES;
				CODE_SIGN_IDENTITY = "iPhone Developer";
				COPY_PHASE_STRIP = NO;
				DEBUG_INFORMATION_FORMAT = dwarf;
				ENABLE_STRICT_OBJC_MSGSEND = YES;
				ENABLE_TESTABILITY = YES;
				GCC_C_LANGUAGE_STANDARD = gnu11;
				GCC_DYNAMIC_NO_PIC = NO;
				GCC_NO_COMMON_BLOCKS = YES;
				GCC_OPTIMIZATION_LEVEL = 0;
				GCC_PREPROCESSOR_DEFINITIONS = (
					"DEBUG=1",
					"$(inherited)",
				);
				GCC_WARN_64_TO_32_BIT_CONVERSION = YES;
				GCC_WARN_ABOUT_RETURN_TYPE = YES_ERROR;
				GCC_WARN_UNDECLARED_SELECTOR = YES;
				GCC_WARN_UNINITIALIZED_AUTOS = YES_AGGRESSIVE;
				GCC_WARN_UNUSED_FUNCTION = YES;
				GCC_WARN_UNUSED_VARIABLE = YES;
				IPHONEOS_DEPLOYMENT_TARGET = 12.0;
				MTL_ENABLE_DEBUG_INFO = INCLUDE_SOURCE;
				MTL_FAST_MATH = YES;
				ONLY_ACTIVE_ARCH = YES;
				SDKROOT = iphoneos;
				SWIFT_ACTIVE_COMPILATION_CONDITIONS = DEBUG;
				SWIFT_OPTIMIZATION_LEVEL = "-Onone";
			};
			name = Debug;
		};
		0D200DA92180AF3C000BDA5B /* Release */ = {
			isa = XCBuildConfiguration;
			buildSettings = {
				ALWAYS_SEARCH_USER_PATHS = NO;
				CLANG_ANALYZER_NONNULL = YES;
				CLANG_ANALYZER_NUMBER_OBJECT_CONVERSION = YES_AGGRESSIVE;
				CLANG_CXX_LANGUAGE_STANDARD = "gnu++14";
				CLANG_CXX_LIBRARY = "libc++";
				CLANG_ENABLE_MODULES = YES;
				CLANG_ENABLE_OBJC_ARC = YES;
				CLANG_ENABLE_OBJC_WEAK = YES;
				CLANG_WARN_BLOCK_CAPTURE_AUTORELEASING = YES;
				CLANG_WARN_BOOL_CONVERSION = YES;
				CLANG_WARN_COMMA = YES;
				CLANG_WARN_CONSTANT_CONVERSION = YES;
				CLANG_WARN_DEPRECATED_OBJC_IMPLEMENTATIONS = YES;
				CLANG_WARN_DIRECT_OBJC_ISA_USAGE = YES_ERROR;
				CLANG_WARN_DOCUMENTATION_COMMENTS = YES;
				CLANG_WARN_EMPTY_BODY = YES;
				CLANG_WARN_ENUM_CONVERSION = YES;
				CLANG_WARN_INFINITE_RECURSION = YES;
				CLANG_WARN_INT_CONVERSION = YES;
				CLANG_WARN_NON_LITERAL_NULL_CONVERSION = YES;
				CLANG_WARN_OBJC_IMPLICIT_RETAIN_SELF = YES;
				CLANG_WARN_OBJC_LITERAL_CONVERSION = YES;
				CLANG_WARN_OBJC_ROOT_CLASS = YES_ERROR;
				CLANG_WARN_RANGE_LOOP_ANALYSIS = YES;
				CLANG_WARN_STRICT_PROTOTYPES = YES;
				CLANG_WARN_SUSPICIOUS_MOVE = YES;
				CLANG_WARN_UNGUARDED_AVAILABILITY = YES_AGGRESSIVE;
				CLANG_WARN_UNREACHABLE_CODE = YES;
				CLANG_WARN__DUPLICATE_METHOD_MATCH = YES;
				CODE_SIGN_IDENTITY = "iPhone Developer";
				COPY_PHASE_STRIP = NO;
				DEBUG_INFORMATION_FORMAT = "dwarf-with-dsym";
				ENABLE_NS_ASSERTIONS = NO;
				ENABLE_STRICT_OBJC_MSGSEND = YES;
				GCC_C_LANGUAGE_STANDARD = gnu11;
				GCC_NO_COMMON_BLOCKS = YES;
				GCC_WARN_64_TO_32_BIT_CONVERSION = YES;
				GCC_WARN_ABOUT_RETURN_TYPE = YES_ERROR;
				GCC_WARN_UNDECLARED_SELECTOR = YES;
				GCC_WARN_UNINITIALIZED_AUTOS = YES_AGGRESSIVE;
				GCC_WARN_UNUSED_FUNCTION = YES;
				GCC_WARN_UNUSED_VARIABLE = YES;
				IPHONEOS_DEPLOYMENT_TARGET = 12.0;
				MTL_ENABLE_DEBUG_INFO = NO;
				MTL_FAST_MATH = YES;
				SDKROOT = iphoneos;
				SWIFT_COMPILATION_MODE = wholemodule;
				SWIFT_OPTIMIZATION_LEVEL = "-O";
				VALIDATE_PRODUCT = YES;
			};
			name = Release;
		};
		0D200DAB2180AF3C000BDA5B /* Debug */ = {
			isa = XCBuildConfiguration;
			buildSettings = {
				ASSETCATALOG_COMPILER_APPICON_NAME = AppIcon;
				CODE_SIGN_STYLE = Automatic;
				INFOPLIST_FILE = InClass02/Info.plist;
				LD_RUNPATH_SEARCH_PATHS = (
					"$(inherited)",
					"@executable_path/Frameworks",
				);
				PRODUCT_BUNDLE_IDENTIFIER = com.inclass02.prerana.InClass02;
				PRODUCT_NAME = "$(TARGET_NAME)";
				SWIFT_VERSION = 4.2;
				TARGETED_DEVICE_FAMILY = "1,2";
			};
			name = Debug;
		};
		0D200DAC2180AF3C000BDA5B /* Release */ = {
			isa = XCBuildConfiguration;
			buildSettings = {
				ASSETCATALOG_COMPILER_APPICON_NAME = AppIcon;
				CODE_SIGN_STYLE = Automatic;
				INFOPLIST_FILE = InClass02/Info.plist;
				LD_RUNPATH_SEARCH_PATHS = (
					"$(inherited)",
					"@executable_path/Frameworks",
				);
				PRODUCT_BUNDLE_IDENTIFIER = com.inclass02.prerana.InClass02;
				PRODUCT_NAME = "$(TARGET_NAME)";
				SWIFT_VERSION = 4.2;
				TARGETED_DEVICE_FAMILY = "1,2";
			};
			name = Release;
		};
/* End XCBuildConfiguration section */

/* Begin XCConfigurationList section */
		0D200D932180AF3A000BDA5B /* Build configuration list for PBXProject "InClass02" */ = {
			isa = XCConfigurationList;
			buildConfigurations = (
				0D200DA82180AF3C000BDA5B /* Debug */,
				0D200DA92180AF3C000BDA5B /* Release */,
			);
			defaultConfigurationIsVisible = 0;
			defaultConfigurationName = Release;
		};
		0D200DAA2180AF3C000BDA5B /* Build configuration list for PBXNativeTarget "InClass02" */ = {
			isa = XCConfigurationList;
			buildConfigurations = (
				0D200DAB2180AF3C000BDA5B /* Debug */,
				0D200DAC2180AF3C000BDA5B /* Release */,
			);
			defaultConfigurationIsVisible = 0;
			defaultConfigurationName = Release;
		};
/* End XCConfigurationList section */
	};
	rootObject = 0D200D902180AF3A000BDA5B /* Project object */;
}
